
Microsoft Visual Studio Solution File, Format Version 12.00
# Visual Studio Version 17
VisualStudioVersion = 17.5.002.0
MinimumVisualStudioVersion = 10.0.40219.1
Project("{9A19103F-16F7-4668-BE54-9A1E7A4F7556}") = "TownTalk.Web", "TownTalk.Web.csproj", "{585D4D51-5AF0-42AC-B2C4-902986A4A30E}"
EndProject
Global
	GlobalSection(SolutionConfigurationPlatforms) = preSolution
		Debug|Any CPU = Debug|Any CPU
		Release|Any CPU = Release|Any CPU
	EndGlobalSection
	GlobalSection(ProjectConfigurationPlatforms) = postSolution
		{585D4D51-5AF0-42AC-B2C4-902986A4A30E}.Debug|Any CPU.ActiveCfg = Debug|Any CPU
		{585D4D51-5AF0-42AC-B2C4-902986A4A30E}.Debug|Any CPU.Build.0 = Debug|Any CPU
		{585D4D51-5AF0-42AC-B2C4-902986A4A30E}.Release|Any CPU.ActiveCfg = Release|Any CPU
		{585D4D51-5AF0-42AC-B2C4-902986A4A30E}.Release|Any CPU.Build.0 = Release|Any CPU
	EndGlobalSection
	GlobalSection(SolutionProperties) = preSolution
		HideSolutionNode = FALSE
	EndGlobalSection
	GlobalSection(ExtensibilityGlobals) = postSolution
		SolutionGuid = {7E8A5A61-3505-4FAE-A257-C3625C0966A8}
	EndGlobalSection
EndGlobal
